
Microsoft Visual Studio Solution File, Format Version 12.00
# Visual Studio Version 17
VisualStudioVersion = 17.5.002.0
MinimumVisualStudioVersion = 10.0.40219.1
Project("{9A19103F-16F7-4668-BE54-9A1E7A4F7556}") = "1", "1.csproj", "{B3315735-BCF8-4546-B047-B7E1F955731C}"
EndProject
Global
	GlobalSection(SolutionConfigurationPlatforms) = preSolution
		Debug|Any CPU = Debug|Any CPU
		Release|Any CPU = Release|Any CPU
	EndGlobalSection
	GlobalSection(ProjectConfigurationPlatforms) = postSolution
		{B3315735-BCF8-4546-B047-B7E1F955731C}.Debug|Any CPU.ActiveCfg = Debug|Any CPU
		{B3315735-BCF8-4546-B047-B7E1F955731C}.Debug|Any CPU.Build.0 = Debug|Any CPU
		{B3315735-BCF8-4546-B047-B7E1F955731C}.Release|Any CPU.ActiveCfg = Release|Any CPU
		{B3315735-BCF8-4546-B047-B7E1F955731C}.Release|Any CPU.Build.0 = Release|Any CPU
	EndGlobalSection
	GlobalSection(SolutionProperties) = preSolution
		HideSolutionNode = FALSE
	EndGlobalSection
	GlobalSection(ExtensibilityGlobals) = postSolution
		SolutionGuid = {28BAEB66-27FA-4DAF-A466-FCAA6AFA9274}
	EndGlobalSection
EndGlobal
